
Microsoft Visual Studio Solution File, Format Version 12.00
# Visual Studio Version 17
VisualStudioVersion = 17.5.33414.496
MinimumVisualStudioVersion = 10.0.40219.1
Project("{FAE04EC0-301F-11D3-BF4B-00C04F79EFBC}") = "MDERP.Web.API", "MDERP.Web.API.csproj", "{CBCED823-977E-4CCE-8F70-841824A306EE}"
EndProject
Global
	GlobalSection(SolutionConfigurationPlatforms) = preSolution
		Debug|Any CPU = Debug|Any CPU
		Release|Any CPU = Release|Any CPU
	EndGlobalSection
	GlobalSection(ProjectConfigurationPlatforms) = postSolution
		{CBCED823-977E-4CCE-8F70-841824A306EE}.Debug|Any CPU.ActiveCfg = Debug|Any CPU
		{CBCED823-977E-4CCE-8F70-841824A306EE}.Debug|Any CPU.Build.0 = Debug|Any CPU
		{CBCED823-977E-4CCE-8F70-841824A306EE}.Release|Any CPU.ActiveCfg = Release|Any CPU
		{CBCED823-977E-4CCE-8F70-841824A306EE}.Release|Any CPU.Build.0 = Release|Any CPU
	EndGlobalSection
	GlobalSection(SolutionProperties) = preSolution
		HideSolutionNode = FALSE
	EndGlobalSection
	GlobalSection(ExtensibilityGlobals) = postSolution
		SolutionGuid = {D57966FB-E8BE-4912-BBF9-638F1946ADAD}
	EndGlobalSection
EndGlobal
